// !$*UTF8*$!
{
	archiveVersion = 1;
	classes = {
	};
	objectVersion = 46;
	objects = {

/* Begin PBXBuildFile section */
		548ED9EAF13002A53BE70629 /* Pods_myOpenWeather.framework in Frameworks */ = {isa = PBXBuildFile; fileRef = 5D01F0C5FF6BD3763C3AD8EF /* Pods_myOpenWeather.framework */; };
		E32F12D71BE18C600071AB0D /* Extentions.swift in Sources */ = {isa = PBXBuildFile; fileRef = E32F12D61BE18C600071AB0D /* Extentions.swift */; };
		E34098241BDED15000105619 /* AppDelegate.swift in Sources */ = {isa = PBXBuildFile; fileRef = E34098231BDED15000105619 /* AppDelegate.swift */; };
		E34098261BDED15000105619 /* ViewController.swift in Sources */ = {isa = PBXBuildFile; fileRef = E34098251BDED15000105619 /* ViewController.swift */; };
		E34098291BDED15000105619 /* Main.storyboard in Resources */ = {isa = PBXBuildFile; fileRef = E34098271BDED15000105619 /* Main.storyboard */; };
		E340982B1BDED15000105619 /* Assets.xcassets in Resources */ = {isa = PBXBuildFile; fileRef = E340982A1BDED15000105619 /* Assets.xcassets */; };
		E340982E1BDED15000105619 /* LaunchScreen.storyboard in Resources */ = {isa = PBXBuildFile; fileRef = E340982C1BDED15000105619 /* LaunchScreen.storyboard */; };
		E35996401BE01DE300087F32 /* Constants.swift in Sources */ = {isa = PBXBuildFile; fileRef = E359963F1BE01DE300087F32 /* Constants.swift */; };
		E35996421BE01F6E00087F32 /* MyWeather.swift in Sources */ = {isa = PBXBuildFile; fileRef = E35996411BE01F6E00087F32 /* MyWeather.swift */; };
/* End PBXBuildFile section */

/* Begin PBXFileReference section */
		3CDE62251090B851108DB544 /* Pods-myOpenWeather.debug.xcconfig */ = {isa = PBXFileReference; includeInIndex = 1; lastKnownFileType = text.xcconfig; name = "Pods-myOpenWeather.debug.xcconfig"; path = "Pods/Target Support Files/Pods-myOpenWeather/Pods-myOpenWeather.debug.xcconfig"; sourceTree = "<group>"; };
		5D01F0C5FF6BD3763C3AD8EF /* Pods_myOpenWeather.framework */ = {isa = PBXFileReference; explicitFileType = wrapper.framework; includeInIndex = 0; path = Pods_myOpenWeather.framework; sourceTree = BUILT_PRODUCTS_DIR; };
		DB6E3D633E4E80139B3B73AA /* Pods-myOpenWeather.release.xcconfig */ = {isa = PBXFileReference; includeInIndex = 1; lastKnownFileType = text.xcconfig; name = "Pods-myOpenWeather.release.xcconfig"; path = "Pods/Target Support Files/Pods-myOpenWeather/Pods-myOpenWeather.release.xcconfig"; sourceTree = "<group>"; };
		E32F12D61BE18C600071AB0D /* Extentions.swift */ = {isa = PBXFileReference; fileEncoding = 4; lastKnownFileType = sourcecode.swift; path = Extentions.swift; sourceTree = "<group>"; };
		E34098201BDED14F00105619 /* myOpenWeather.app */ = {isa = PBXFileReference; explicitFileType = wrapper.application; includeInIndex = 0; path = myOpenWeather.app; sourceTree = BUILT_PRODUCTS_DIR; };
		E34098231BDED15000105619 /* AppDelegate.swift */ = {isa = PBXFileReference; lastKnownFileType = sourcecode.swift; path = AppDelegate.swift; sourceTree = "<group>"; };
		E34098251BDED15000105619 /* ViewController.swift */ = {isa = PBXFileReference; lastKnownFileType = sourcecode.swift; path = ViewController.swift; sourceTree = "<group>"; };
		E34098281BDED15000105619 /* Base */ = {isa = PBXFileReference; lastKnownFileType = file.storyboard; name = Base; path = Base.lproj/Main.storyboard; sourceTree = "<group>"; };
		E340982A1BDED15000105619 /* Assets.xcassets */ = {isa = PBXFileReference; lastKnownFileType = folder.assetcatalog; path = Assets.xcassets; sourceTree = "<group>"; };
		E340982D1BDED15000105619 /* Base */ = {isa = PBXFileReference; lastKnownFileType = file.storyboard; name = Base; path = Base.lproj/LaunchScreen.storyboard; sourceTree = "<group>"; };
		E340982F1BDED15000105619 /* Info.plist */ = {isa = PBXFileReference; lastKnownFileType = text.plist.xml; path = Info.plist; sourceTree = "<group>"; };
		E359963F1BE01DE300087F32 /* Constants.swift */ = {isa = PBXFileReference; fileEncoding = 4; lastKnownFileType = sourcecode.swift; path = Constants.swift; sourceTree = "<group>"; };
		E35996411BE01F6E00087F32 /* MyWeather.swift */ = {isa = PBXFileReference; fileEncoding = 4; lastKnownFileType = sourcecode.swift; path = MyWeather.swift; sourceTree = "<group>"; };
/* End PBXFileReference section */

/* Begin PBXFrameworksBuildPhase section */
		E340981D1BDED14F00105619 /* Frameworks */ = {
			isa = PBXFrameworksBuildPhase;
			buildActionMask = 2147483647;
			files = (
				548ED9EAF13002A53BE70629 /* Pods_myOpenWeather.framework in Frameworks */,
			);
			runOnlyForDeploymentPostprocessing = 0;
		};
/* End PBXFrameworksBuildPhase section */

/* Begin PBXGroup section */
		3E07FA2D4865F50FF922C14B /* Frameworks */ = {
			isa = PBXGroup;
			children = (
				5D01F0C5FF6BD3763C3AD8EF /* Pods_myOpenWeather.framework */,
			);
			name = Frameworks;
			sourceTree = "<group>";
		};
		A7FF1894088AAC7D767F545F /* Pods */ = {
			isa = PBXGroup;
			children = (
				3CDE62251090B851108DB544 /* Pods-myOpenWeather.debug.xcconfig */,
				DB6E3D633E4E80139B3B73AA /* Pods-myOpenWeather.release.xcconfig */,
			);
			name = Pods;
			sourceTree = "<group>";
		};
		E34098171BDED14F00105619 = {
			isa = PBXGroup;
			children = (
				E34098221BDED15000105619 /* myOpenWeather */,
				E34098211BDED14F00105619 /* Products */,
				A7FF1894088AAC7D767F545F /* Pods */,
				3E07FA2D4865F50FF922C14B /* Frameworks */,
			);
			sourceTree = "<group>";
		};
		E34098211BDED14F00105619 /* Products */ = {
			isa = PBXGroup;
			children = (
				E34098201BDED14F00105619 /* myOpenWeather.app */,
			);
			name = Products;
			sourceTree = "<group>";
		};
		E34098221BDED15000105619 /* myOpenWeather */ = {
			isa = PBXGroup;
			children = (
				E34098231BDED15000105619 /* AppDelegate.swift */,
				E34098251BDED15000105619 /* ViewController.swift */,
				E34098271BDED15000105619 /* Main.storyboard */,
				E340982A1BDED15000105619 /* Assets.xcassets */,
				E340982C1BDED15000105619 /* LaunchScreen.storyboard */,
				E340982F1BDED15000105619 /* Info.plist */,
				E359963F1BE01DE300087F32 /* Constants.swift */,
				E35996411BE01F6E00087F32 /* MyWeather.swift */,
				E32F12D61BE18C600071AB0D /* Extentions.swift */,
			);
			path = myOpenWeather;
			sourceTree = "<group>";
		};
/* End PBXGroup section */

/* Begin PBXNativeTarget section */
		E340981F1BDED14F00105619 /* myOpenWeather */ = {
			isa = PBXNativeTarget;
			buildConfigurationList = E34098321BDED15000105619 /* Build configuration list for PBXNativeTarget "myOpenWeather" */;
			buildPhases = (
				3D2EAEA1F0528ADA1402DF3B /* Check Pods Manifest.lock */,
				E340981C1BDED14F00105619 /* Sources */,
				E340981D1BDED14F00105619 /* Frameworks */,
				E340981E1BDED14F00105619 /* Resources */,
				E8B55D02946EB2CA313E3CB5 /* Embed Pods Frameworks */,
				7F87553B047D7C5BECB5919B /* Copy Pods Resources */,
			);
			buildRules = (
			);
			dependencies = (
			);
			name = myOpenWeather;
			productName = myOpenWeather;
			productReference = E34098201BDED14F00105619 /* myOpenWeather.app */;
			productType = "com.apple.product-type.application";
		};
/* End PBXNativeTarget section */

/* Begin PBXProject section */
		E34098181BDED14F00105619 /* Project object */ = {
			isa = PBXProject;
			attributes = {
				LastSwiftUpdateCheck = 0710;
				LastUpgradeCheck = 0710;
				ORGANIZATIONNAME = "Ronny Soltveit";
				TargetAttributes = {
					E340981F1BDED14F00105619 = {
						CreatedOnToolsVersion = 7.1;
					};
				};
			};
			buildConfigurationList = E340981B1BDED14F00105619 /* Build configuration list for PBXProject "myOpenWeather" */;
			compatibilityVersion = "Xcode 3.2";
			developmentRegion = English;
			hasScannedForEncodings = 0;
			knownRegions = (
				en,
				Base,
			);
			mainGroup = E34098171BDED14F00105619;
			productRefGroup = E34098211BDED14F00105619 /* Products */;
			projectDirPath = "";
			projectRoot = "";
			targets = (
				E340981F1BDED14F00105619 /* myOpenWeather */,
			);
		};
/* End PBXProject section */

/* Begin PBXResourcesBuildPhase section */
		E340981E1BDED14F00105619 /* Resources */ = {
			isa = PBXResourcesBuildPhase;
			buildActionMask = 2147483647;
			files = (
				E340982E1BDED15000105619 /* LaunchScreen.storyboard in Resources */,
				E340982B1BDED15000105619 /* Assets.xcassets in Resources */,
				E34098291BDED15000105619 /* Main.storyboard in Resources */,
			);
			runOnlyForDeploymentPostprocessing = 0;
		};
/* End PBXResourcesBuildPhase section */

/* Begin PBXShellScriptBuildPhase section */
		3D2EAEA1F0528ADA1402DF3B /* Check Pods Manifest.lock */ = {
			isa = PBXShellScriptBuildPhase;
			buildActionMask = 2147483647;
			files = (
			);
			inputPaths = (
			);
			name = "Check Pods Manifest.lock";
			outputPaths = (
			);
			runOnlyForDeploymentPostprocessing = 0;
			shellPath = /bin/sh;
			shellScript = "diff \"${PODS_ROOT}/../Podfile.lock\" \"${PODS_ROOT}/Manifest.lock\" > /dev/null\nif [[ $? != 0 ]] ; then\n    cat << EOM\nerror: The sandbox is not in sync with the Podfile.lock. Run 'pod install' or update your CocoaPods installation.\nEOM\n    exit 1\nfi\n";
			showEnvVarsInLog = 0;
		};
		7F87553B047D7C5BECB5919B /* Copy Pods Resources */ = {
			isa = PBXShellScriptBuildPhase;
			buildActionMask = 2147483647;
			files = (
			);
			inputPaths = (
			);
			name = "Copy Pods Resources";
			outputPaths = (
			);
			runOnlyForDeploymentPostprocessing = 0;
			shellPath = /bin/sh;
			shellScript = "\"${SRCROOT}/Pods/Target Support Files/Pods-myOpenWeather/Pods-myOpenWeather-resources.sh\"\n";
			showEnvVarsInLog = 0;
		};
		E8B55D02946EB2CA313E3CB5 /* Embed Pods Frameworks */ = {
			isa = PBXShellScriptBuildPhase;
			buildActionMask = 2147483647;
			files = (
			);
			inputPaths = (
			);
			name = "Embed Pods Frameworks";
			outputPaths = (
			);
			runOnlyForDeploymentPostprocessing = 0;
			shellPath = /bin/sh;
			shellScript = "\"${SRCROOT}/Pods/Target Support Files/Pods-myOpenWeather/Pods-myOpenWeather-frameworks.sh\"\n";
			showEnvVarsInLog = 0;
		};
/* End PBXShellScriptBuildPhase section */

/* Begin PBXSourcesBuildPhase section */
		E340981C1BDED14F00105619 /* Sources */ = {
			isa = PBXSourcesBuildPhase;
			buildActionMask = 2147483647;
			files = (
				E35996421BE01F6E00087F32 /* MyWeather.swift in Sources */,
				E34098261BDED15000105619 /* ViewController.swift in Sources */,
				E32F12D71BE18C600071AB0D /* Extentions.swift in Sources */,
				E34098241BDED15000105619 /* AppDelegate.swift in Sources */,
				E35996401BE01DE300087F32 /* Constants.swift in Sources */,
			);
			runOnlyForDeploymentPostprocessing = 0;
		};
/* End PBXSourcesBuildPhase section */

/* Begin PBXVariantGroup section */
		E34098271BDED15000105619 /* Main.storyboard */ = {
			isa = PBXVariantGroup;
			children = (
				E34098281BDED15000105619 /* Base */,
			);
			name = Main.storyboard;
			sourceTree = "<group>";
		};
		E340982C1BDED15000105619 /* LaunchScreen.storyboard */ = {
			isa = PBXVariantGroup;
			children = (
				E340982D1BDED15000105619 /* Base */,
			);
			name = LaunchScreen.storyboard;
			sourceTree = "<group>";
		};
/* End PBXVariantGroup section */

/* Begin XCBuildConfiguration section */
		E34098301BDED15000105619 /* Debug */ = {
			isa = XCBuildConfiguration;
			buildSettings = {
				ALWAYS_SEARCH_USER_PATHS = NO;
				CLANG_CXX_LANGUAGE_STANDARD = "gnu++0x";
				CLANG_CXX_LIBRARY = "libc++";
				CLANG_ENABLE_MODULES = YES;
				CLANG_ENABLE_OBJC_ARC = YES;
				CLANG_WARN_BOOL_CONVERSION = YES;
				CLANG_WARN_CONSTANT_CONVERSION = YES;
				CLANG_WARN_DIRECT_OBJC_ISA_USAGE = YES_ERROR;
				CLANG_WARN_EMPTY_BODY = YES;
				CLANG_WARN_ENUM_CONVERSION = YES;
				CLANG_WARN_INT_CONVERSION = YES;
				CLANG_WARN_OBJC_ROOT_CLASS = YES_ERROR;
				CLANG_WARN_UNREACHABLE_CODE = YES;
				CLANG_WARN__DUPLICATE_METHOD_MATCH = YES;
				"CODE_SIGN_IDENTITY[sdk=iphoneos*]" = "iPhone Developer";
				COPY_PHASE_STRIP = NO;
				DEBUG_INFORMATION_FORMAT = dwarf;
				ENABLE_STRICT_OBJC_MSGSEND = YES;
				ENABLE_TESTABILITY = YES;
				GCC_C_LANGUAGE_STANDARD = gnu99;
				GCC_DYNAMIC_NO_PIC = NO;
				GCC_NO_COMMON_BLOCKS = YES;
				GCC_OPTIMIZATION_LEVEL = 0;
				GCC_PREPROCESSOR_DEFINITIONS = (
					"DEBUG=1",
					"$(inherited)",
				);
				GCC_WARN_64_TO_32_BIT_CONVERSION = YES;
				GCC_WARN_ABOUT_RETURN_TYPE = YES_ERROR;
				GCC_WARN_UNDECLARED_SELECTOR = YES;
				GCC_WARN_UNINITIALIZED_AUTOS = YES_AGGRESSIVE;
				GCC_WARN_UNUSED_FUNCTION = YES;
				GCC_WARN_UNUSED_VARIABLE = YES;
				IPHONEOS_DEPLOYMENT_TARGET = 9.1;
				MTL_ENABLE_DEBUG_INFO = YES;
				ONLY_ACTIVE_ARCH = YES;
				SDKROOT = iphoneos;
				SWIFT_OPTIMIZATION_LEVEL = "-Onone";
				TARGETED_DEVICE_FAMILY = "1,2";
			};
			name = Debug;
		};
		E34098311BDED15000105619 /* Release */ = {
			isa = XCBuildConfiguration;
			buildSettings = {
				ALWAYS_SEARCH_USER_PATHS = NO;
				CLANG_CXX_LANGUAGE_STANDARD = "gnu++0x";
				CLANG_CXX_LIBRARY = "libc++";
				CLANG_ENABLE_MODULES = YES;
				CLANG_ENABLE_OBJC_ARC = YES;
				CLANG_WARN_BOOL_CONVERSION = YES;
				CLANG_WARN_CONSTANT_CONVERSION = YES;
				CLANG_WARN_DIRECT_OBJC_ISA_USAGE = YES_ERROR;
				CLANG_WARN_EMPTY_BODY = YES;
				CLANG_WARN_ENUM_CONVERSION = YES;
				CLANG_WARN_INT_CONVERSION = YES;
				CLANG_WARN_OBJC_ROOT_CLASS = YES_ERROR;
				CLANG_WARN_UNREACHABLE_CODE = YES;
				CLANG_WARN__DUPLICATE_METHOD_MATCH = YES;
				"CODE_SIGN_IDENTITY[sdk=iphoneos*]" = "iPhone Developer";
				COPY_PHASE_STRIP = NO;
				DEBUG_INFORMATION_FORMAT = "dwarf-with-dsym";
				ENABLE_NS_ASSERTIONS = NO;
				ENABLE_STRICT_OBJC_MSGSEND = YES;
				GCC_C_LANGUAGE_STANDARD = gnu99;
				GCC_NO_COMMON_BLOCKS = YES;
				GCC_WARN_64_TO_32_BIT_CONVERSION = YES;
				GCC_WARN_ABOUT_RETURN_TYPE = YES_ERROR;
				GCC_WARN_UNDECLARED_SELECTOR = YES;
				GCC_WARN_UNINITIALIZED_AUTOS = YES_AGGRESSIVE;
				GCC_WARN_UNUSED_FUNCTION = YES;
				GCC_WARN_UNUSED_VARIABLE = YES;
				IPHONEOS_DEPLOYMENT_TARGET = 9.1;
				MTL_ENABLE_DEBUG_INFO = NO;
				SDKROOT = iphoneos;
				TARGETED_DEVICE_FAMILY = "1,2";
				VALIDATE_PRODUCT = YES;
			};
			name = Release;
		};
		E34098331BDED15000105619 /* Debug */ = {
			isa = XCBuildConfiguration;
			baseConfigurationReference = 3CDE62251090B851108DB544 /* Pods-myOpenWeather.debug.xcconfig */;
			buildSettings = {
				ASSETCATALOG_COMPILER_APPICON_NAME = AppIcon;
				INFOPLIST_FILE = myOpenWeather/Info.plist;
				LD_RUNPATH_SEARCH_PATHS = "$(inherited) @executable_path/Frameworks";
				PRODUCT_BUNDLE_IDENTIFIER = com.corenety.myOpenWeather;
				PRODUCT_NAME = "$(TARGET_NAME)";
			};
			name = Debug;
		};
		E34098341BDED15000105619 /* Release */ = {
			isa = XCBuildConfiguration;
			baseConfigurationReference = DB6E3D633E4E80139B3B73AA /* Pods-myOpenWeather.release.xcconfig */;
			buildSettings = {
				ASSETCATALOG_COMPILER_APPICON_NAME = AppIcon;
				INFOPLIST_FILE = myOpenWeather/Info.plist;
				LD_RUNPATH_SEARCH_PATHS = "$(inherited) @executable_path/Frameworks";
				PRODUCT_BUNDLE_IDENTIFIER = com.corenety.myOpenWeather;
				PRODUCT_NAME = "$(TARGET_NAME)";
			};
			name = Release;
		};
/* End XCBuildConfiguration section */

/* Begin XCConfigurationList section */
		E340981B1BDED14F00105619 /* Build configuration list for PBXProject "myOpenWeather" */ = {
			isa = XCConfigurationList;
			buildConfigurations = (
				E34098301BDED15000105619 /* Debug */,
				E34098311BDED15000105619 /* Release */,
			);
			defaultConfigurationIsVisible = 0;
			defaultConfigurationName = Release;
		};
		E34098321BDED15000105619 /* Build configuration list for PBXNativeTarget "myOpenWeather" */ = {
			isa = XCConfigurationList;
			buildConfigurations = (
				E34098331BDED15000105619 /* Debug */,
				E34098341BDED15000105619 /* Release */,
			);
			defaultConfigurationIsVisible = 0;
			defaultConfigurationName = Release;
		};
/* End XCConfigurationList section */
	};
	rootObject = E34098181BDED14F00105619 /* Project object */;
}
